<?xml version="1.0" encoding="utf-8"?>
<Project ToolsVersion="16.0" xmlns="http://schemas.microsoft.com/developer/msbuild/2003">
  <ItemGroup>
    <ClCompile Include="G:\Dokan Library-1.5.0\sample\mirror\mirror.cpp">
      <Filter>Sources</Filter>
    </ClCompile>
    <ClCompile Include="G:\Dokan Library-1.5.0\sample\mirror\filenode.cpp">
      <Filter>Sources</Filter>
    </ClCompile>
    <ClCompile Include="G:\Dokan Library-1.5.0\sample\mirror\DbgPrint.cpp">
      <Filter>Sources</Filter>
    </ClCompile>
    <ClCompile Include="G:\Dokan Library-1.5.0\sample\mirror\WinSec.cpp">
      <Filter>Sources</Filter>
    </ClCompile>
    <ClCompile Include="G:\Dokan Library-1.5.0\sample\mirror\securityprocessor.cpp">
      <Filter>Sources</Filter>
    </ClCompile>
  </ItemGroup>
  <ItemGroup>
    <ClInclude Include="G:\Dokan Library-1.5.0\sample\mirror\filenode.h">
      <Filter>Sources</Filter>
    </ClInclude>
    <ClInclude Include="G:\Dokan Library-1.5.0\sample\mirror\DbgPrint.h">
      <Filter>Sources</Filter>
    </ClInclude>
    <ClInclude Include="G:\Dokan Library-1.5.0\sample\mirror\WinSec.h">
      <Filter>Sources</Filter>
    </ClInclude>
    <ClInclude Include="G:\Dokan Library-1.5.0\sample\mirror\securityprocessor.h">
      <Filter>Sources</Filter>
    </ClInclude>
  </ItemGroup>
  <ItemGroup>
    <CustomBuild Include="G:\Dokan Library-1.5.0\sample\mirror\CMakeLists.txt" />
  </ItemGroup>
  <ItemGroup>
    <Filter Include="Sources">
      <UniqueIdentifier>{F152C6CA-7CE8-34D7-B477-C1C72D42E95F}</UniqueIdentifier>
    </Filter>
  </ItemGroup>
</Project>
