<?xml version="1.0" encoding="utf-8"?>
<Project ToolsVersion="16.0" xmlns="http://schemas.microsoft.com/developer/msbuild/2003">
  <ItemGroup>
    <ClCompile Include="G:\Dokan Library-1.5.0\sample\mirror\seamless_smb_service\seamless_smb_service_autogen\mocs_compilation_Debug.cpp">
      <Filter>Source Files</Filter>
    </ClCompile>
    <ClCompile Include="G:\Dokan Library-1.5.0\sample\mirror\seamless_smb_service\main.cpp">
      <Filter>Source Files</Filter>
    </ClCompile>
    <ClCompile Include="G:\Dokan Library-1.5.0\sample\mirror\seamless_smb_service\seamless_smb_service_autogen\mocs_compilation_Release.cpp">
      <Filter>Source Files</Filter>
    </ClCompile>
  </ItemGroup>
  <ItemGroup>
    <ClInclude Include="G:\Dokan Library-1.5.0\sample\mirror\seamless_smb_common\common.h">
      <Filter>Header Files</Filter>
    </ClInclude>
  </ItemGroup>
  <ItemGroup>
    <CustomBuild Include="G:\Dokan Library-1.5.0\sample\mirror\seamless_smb_service\CMakeLists.txt" />
  </ItemGroup>
  <ItemGroup>
    <Filter Include="Header Files">
      <UniqueIdentifier>{265EB5C2-54C3-3856-82EA-4B4D9B13F000}</UniqueIdentifier>
    </Filter>
    <Filter Include="Source Files">
      <UniqueIdentifier>{1222638B-35BA-3267-B0DE-84E1F1535FC1}</UniqueIdentifier>
    </Filter>
  </ItemGroup>
</Project>
