<?xml version="1.0" encoding="utf-8"?>
<Project ToolsVersion="16.0" xmlns="http://schemas.microsoft.com/developer/msbuild/2003">
  <ItemGroup>
    <ClCompile Include="G:\Dokan Library-1.5.0\sample\mirror\seamless_smb_service_controller\seamless_smb_service_controller_autogen\mocs_compilation_Debug.cpp">
      <Filter>Source Files</Filter>
    </ClCompile>
    <ClCompile Include="G:\Dokan Library-1.5.0\sample\mirror\seamless_smb_service_controller\main.cpp">
      <Filter>Source Files</Filter>
    </ClCompile>
    <ClCompile Include="G:\Dokan Library-1.5.0\sample\mirror\seamless_smb_service_controller\applicationui.cpp">
      <Filter>Source Files</Filter>
    </ClCompile>
    <ClCompile Include="G:\Dokan Library-1.5.0\sample\mirror\seamless_smb_service_controller\mountlistmodel.cpp">
      <Filter>Source Files</Filter>
    </ClCompile>
    <ClCompile Include="G:\Dokan Library-1.5.0\sample\mirror\seamless_smb_service_controller\mounteditor.cpp">
      <Filter>Source Files</Filter>
    </ClCompile>
    <ClCompile Include="G:\Dokan Library-1.5.0\sample\mirror\seamless_smb_service_controller\client.cpp">
      <Filter>Source Files</Filter>
    </ClCompile>
    <ClCompile Include="G:\Dokan Library-1.5.0\sample\mirror\seamless_smb_service_controller\seamless_smb_service_controller_autogen\EWIEGA46WW\qrc_qml.cpp">
      <Filter>Source Files</Filter>
    </ClCompile>
    <ClCompile Include="G:\Dokan Library-1.5.0\sample\mirror\seamless_smb_service_controller\seamless_smb_service_controller_autogen\mocs_compilation_Release.cpp">
      <Filter>Source Files</Filter>
    </ClCompile>
  </ItemGroup>
  <ItemGroup>
    <ClInclude Include="G:\Dokan Library-1.5.0\sample\mirror\seamless_smb_service_controller\applicationui.h">
      <Filter>Header Files</Filter>
    </ClInclude>
    <ClInclude Include="G:\Dokan Library-1.5.0\sample\mirror\seamless_smb_service_controller\mountlistmodel.h">
      <Filter>Header Files</Filter>
    </ClInclude>
    <ClInclude Include="G:\Dokan Library-1.5.0\sample\mirror\seamless_smb_service_controller\mounteditor.h">
      <Filter>Header Files</Filter>
    </ClInclude>
    <ClInclude Include="G:\Dokan Library-1.5.0\sample\mirror\seamless_smb_service_controller\client.h">
      <Filter>Header Files</Filter>
    </ClInclude>
    <ClInclude Include="G:\Dokan Library-1.5.0\sample\mirror\seamless_smb_common\common.h">
      <Filter>Header Files</Filter>
    </ClInclude>
  </ItemGroup>
  <ItemGroup>
    <CustomBuild Include="G:\Dokan Library-1.5.0\sample\mirror\CMakeFiles\6d3bed5e02f1f2a276f02b8c89d0a9b5\qrc_qml.cpp.rule">
      <Filter>CMake Rules</Filter>
    </CustomBuild>
    <CustomBuild Include="G:\Dokan Library-1.5.0\sample\mirror\seamless_smb_service_controller\CMakeLists.txt" />
  </ItemGroup>
  <ItemGroup>
    <None Include="G:\Dokan Library-1.5.0\sample\mirror\seamless_smb_service_controller\qml.qrc" />
  </ItemGroup>
  <ItemGroup>
    <Filter Include="CMake Rules">
      <UniqueIdentifier>{62B3C0B5-DC52-3E8B-BFD7-7EE10485E6F0}</UniqueIdentifier>
    </Filter>
    <Filter Include="Header Files">
      <UniqueIdentifier>{265EB5C2-54C3-3856-82EA-4B4D9B13F000}</UniqueIdentifier>
    </Filter>
    <Filter Include="Source Files">
      <UniqueIdentifier>{1222638B-35BA-3267-B0DE-84E1F1535FC1}</UniqueIdentifier>
    </Filter>
  </ItemGroup>
</Project>
